{
  "requires": true,
  "lockfileVersion": 1,
  "dependencies": {
    "emojify.js": {
      "version": "1.1.0",
      "resolved": "http://r.cnpmjs.org/emojify.js/download/emojify.js-1.1.0.tgz",
      "integrity": "sha1-B5//IjMHyQB/VweF6OSTXVw5i+s="
    },
    "gitbook-plugin-advanced-emoji": {
      "version": "0.2.2",
      "resolved": "http://r.cnpmjs.org/gitbook-plugin-advanced-emoji/download/gitbook-plugin-advanced-emoji-0.2.2.tgz",
      "integrity": "sha1-CLzGn2KnSc1pIEQ1J2UYyUHDGeM=",
      "requires": {
        "emojify.js": "^1.1.0"
      }
    },
    "gitbook-plugin-expandable-chapters-small": {
      "version": "0.1.7",
      "resolved": "http://r.cnpmjs.org/gitbook-plugin-expandable-chapters-small/download/gitbook-plugin-expandable-chapters-small-0.1.7.tgz",
      "integrity": "sha1-r8nll7aFEVb6ewAjH/irk/T+ukw="
    }
  }
}
